
Microsoft Visual Studio Solution File, Format Version 11.00
# Visual Studio 2010
Project("{FAE04EC0-301F-11D3-BF4B-00C04F79EFBC}") = "Unmanned Aerial Vehicle Trainer", "Assembly-CSharp.csproj", "{23490381-CB91-93FD-3FF4-221FF2795B09}"
EndProject
Project("{FAE04EC0-301F-11D3-BF4B-00C04F79EFBC}") = "Unmanned Aerial Vehicle Trainer", "Assembly-CSharp-Editor.csproj", "{555E0547-FF80-9792-C558-E34FEBBF0431}"
EndProject
Global
	GlobalSection(SolutionConfigurationPlatforms) = preSolution
		Debug|Any CPU = Debug|Any CPU
		Release|Any CPU = Release|Any CPU
	EndGlobalSection
	GlobalSection(ProjectConfigurationPlatforms) = postSolution
		{23490381-CB91-93FD-3FF4-221FF2795B09}.Debug|Any CPU.ActiveCfg = Debug|Any CPU
		{23490381-CB91-93FD-3FF4-221FF2795B09}.Debug|Any CPU.Build.0 = Debug|Any CPU
		{23490381-CB91-93FD-3FF4-221FF2795B09}.Release|Any CPU.ActiveCfg = Release|Any CPU
		{23490381-CB91-93FD-3FF4-221FF2795B09}.Release|Any CPU.Build.0 = Release|Any CPU
		{555E0547-FF80-9792-C558-E34FEBBF0431}.Debug|Any CPU.ActiveCfg = Debug|Any CPU
		{555E0547-FF80-9792-C558-E34FEBBF0431}.Debug|Any CPU.Build.0 = Debug|Any CPU
		{555E0547-FF80-9792-C558-E34FEBBF0431}.Release|Any CPU.ActiveCfg = Release|Any CPU
		{555E0547-FF80-9792-C558-E34FEBBF0431}.Release|Any CPU.Build.0 = Release|Any CPU
	EndGlobalSection
	GlobalSection(SolutionProperties) = preSolution
		HideSolutionNode = FALSE
	EndGlobalSection
	GlobalSection(MonoDevelopProperties) = preSolution
		StartupItem = Assembly-CSharp.csproj
	EndGlobalSection
EndGlobal
